
Microsoft Visual Studio Solution File, Format Version 12.00
# Visual Studio Version 17
VisualStudioVersion = 17.5.002.0
MinimumVisualStudioVersion = 10.0.40219.1
Project("{9A19103F-16F7-4668-BE54-9A1E7A4F7556}") = "Exo.WebApi", "Exo.WebApi.csproj", "{F49700B3-392F-43BA-A7B9-5866F72F9324}"
EndProject
Global
	GlobalSection(SolutionConfigurationPlatforms) = preSolution
		Debug|Any CPU = Debug|Any CPU
		Release|Any CPU = Release|Any CPU
	EndGlobalSection
	GlobalSection(ProjectConfigurationPlatforms) = postSolution
		{F49700B3-392F-43BA-A7B9-5866F72F9324}.Debug|Any CPU.ActiveCfg = Debug|Any CPU
		{F49700B3-392F-43BA-A7B9-5866F72F9324}.Debug|Any CPU.Build.0 = Debug|Any CPU
		{F49700B3-392F-43BA-A7B9-5866F72F9324}.Release|Any CPU.ActiveCfg = Release|Any CPU
		{F49700B3-392F-43BA-A7B9-5866F72F9324}.Release|Any CPU.Build.0 = Release|Any CPU
	EndGlobalSection
	GlobalSection(SolutionProperties) = preSolution
		HideSolutionNode = FALSE
	EndGlobalSection
	GlobalSection(ExtensibilityGlobals) = postSolution
		SolutionGuid = {F9A94552-9FF6-4C39-842F-E896FA61BDA8}
	EndGlobalSection
EndGlobal
